
Microsoft Visual Studio Solution File, Format Version 12.00
# Visual Studio 14
VisualStudioVersion = 14.0.25420.1
MinimumVisualStudioVersion = 10.0.40219.1
Project("{FAE04EC0-301F-11D3-BF4B-00C04F79EFBC}") = "Project1_SSE554", "Project1_SSE554\Project1_SSE554.csproj", "{C264C12D-B4F4-46F7-8EFB-2047A579A5B5}"
EndProject
Project("{FAE04EC0-301F-11D3-BF4B-00C04F79EFBC}") = "UnitTests", "UnitTestProject2\UnitTests.csproj", "{B9CA9C24-F82A-448F-8E99-AAF301279857}"
EndProject
Global
	GlobalSection(SolutionConfigurationPlatforms) = preSolution
		Debug|Any CPU = Debug|Any CPU
		Release|Any CPU = Release|Any CPU
	EndGlobalSection
	GlobalSection(ProjectConfigurationPlatforms) = postSolution
		{C264C12D-B4F4-46F7-8EFB-2047A579A5B5}.Debug|Any CPU.ActiveCfg = Debug|Any CPU
		{C264C12D-B4F4-46F7-8EFB-2047A579A5B5}.Debug|Any CPU.Build.0 = Debug|Any CPU
		{C264C12D-B4F4-46F7-8EFB-2047A579A5B5}.Release|Any CPU.ActiveCfg = Release|Any CPU
		{C264C12D-B4F4-46F7-8EFB-2047A579A5B5}.Release|Any CPU.Build.0 = Release|Any CPU
		{B9CA9C24-F82A-448F-8E99-AAF301279857}.Debug|Any CPU.ActiveCfg = Debug|Any CPU
		{B9CA9C24-F82A-448F-8E99-AAF301279857}.Debug|Any CPU.Build.0 = Debug|Any CPU
		{B9CA9C24-F82A-448F-8E99-AAF301279857}.Release|Any CPU.ActiveCfg = Release|Any CPU
		{B9CA9C24-F82A-448F-8E99-AAF301279857}.Release|Any CPU.Build.0 = Release|Any CPU
	EndGlobalSection
	GlobalSection(SolutionProperties) = preSolution
		HideSolutionNode = FALSE
	EndGlobalSection
EndGlobal
